Microsoft Visual Studio Solution File, Format Version 11.00
# Visual Studio 2008

Project("{8FF922BB-CD8A-D41C-DFC4-8D3C5163B2AB}") = "Calendar", "Assembly-CSharp-firstpass.csproj", "{41C4BD35-A75B-7A8A-B4BC-F3A351B5843D}"
EndProject
Project("{8FF922BB-CD8A-D41C-DFC4-8D3C5163B2AB}") = "Calendar", "Assembly-CSharp.csproj", "{E9B293E6-4FDC-4081-6579-0D0DF5526DFA}"
EndProject
Project("{8FF922BB-CD8A-D41C-DFC4-8D3C5163B2AB}") = "Calendar", "Assembly-CSharp-Editor.csproj", "{AA21524A-7EF5-1B9D-185D-AD06AAFA7394}"
EndProject
Global
	GlobalSection(SolutionConfigurationPlatforms) = preSolution
		Debug|Any CPU = Debug|Any CPU
		Release|Any CPU = Release|Any CPU
	EndGlobalSection
	GlobalSection(ProjectConfigurationPlatforms) = postSolution
		{41C4BD35-A75B-7A8A-B4BC-F3A351B5843D}.Debug|Any CPU.ActiveCfg = Debug|Any CPU
		{41C4BD35-A75B-7A8A-B4BC-F3A351B5843D}.Debug|Any CPU.Build.0 = Debug|Any CPU
		{41C4BD35-A75B-7A8A-B4BC-F3A351B5843D}.Release|Any CPU.ActiveCfg = Release|Any CPU
		{41C4BD35-A75B-7A8A-B4BC-F3A351B5843D}.Release|Any CPU.Build.0 = Release|Any CPU
		{E9B293E6-4FDC-4081-6579-0D0DF5526DFA}.Debug|Any CPU.ActiveCfg = Debug|Any CPU
		{E9B293E6-4FDC-4081-6579-0D0DF5526DFA}.Debug|Any CPU.Build.0 = Debug|Any CPU
		{E9B293E6-4FDC-4081-6579-0D0DF5526DFA}.Release|Any CPU.ActiveCfg = Release|Any CPU
		{E9B293E6-4FDC-4081-6579-0D0DF5526DFA}.Release|Any CPU.Build.0 = Release|Any CPU
		{AA21524A-7EF5-1B9D-185D-AD06AAFA7394}.Debug|Any CPU.ActiveCfg = Debug|Any CPU
		{AA21524A-7EF5-1B9D-185D-AD06AAFA7394}.Debug|Any CPU.Build.0 = Debug|Any CPU
		{AA21524A-7EF5-1B9D-185D-AD06AAFA7394}.Release|Any CPU.ActiveCfg = Release|Any CPU
		{AA21524A-7EF5-1B9D-185D-AD06AAFA7394}.Release|Any CPU.Build.0 = Release|Any CPU
	EndGlobalSection
	GlobalSection(SolutionProperties) = preSolution
		HideSolutionNode = FALSE
	EndGlobalSection
						GlobalSection(MonoDevelopProperties) = preSolution
		StartupItem = Assembly-CSharp.csproj
		Policies = $0
		$0.TextStylePolicy = $1
		$1.inheritsSet = null
		$1.scope = text/x-csharp
		$0.CSharpFormattingPolicy = $2
		$2.inheritsSet = Mono
		$2.inheritsScope = text/x-csharp
		$2.scope = text/x-csharp
		$0.TextStylePolicy = $3
		$3.FileWidth = 120
		$3.TabWidth = 4
		$3.IndentWidth = 4
		$3.EolMarker = Unix
		$3.inheritsSet = Mono
		$3.inheritsScope = text/plain
		$3.scope = text/plain
	EndGlobalSection

EndGlobal
